
Microsoft Visual Studio Solution File, Format Version 12.00
# Visual Studio Version 17
VisualStudioVersion = 17.6.33829.357
MinimumVisualStudioVersion = 10.0.40219.1
Project("{2150E333-8FDC-42A3-9474-1A3956D46DE8}") = "Presentation", "Presentation", "{83CE97FE-D74D-4F1F-BF4D-E59D4D5C4E22}"
EndProject
Project("{9A19103F-16F7-4668-BE54-9A1E7A4F7556}") = "Identity.Web", "Identity.Web\Identity.Web.csproj", "{39BD09E2-9620-407F-8A60-7617FC7D3735}"
EndProject
Project("{2150E333-8FDC-42A3-9474-1A3956D46DE8}") = "Core", "Core", "{488C9831-0279-41C8-85A9-3D6507E6C867}"
EndProject
Project("{9A19103F-16F7-4668-BE54-9A1E7A4F7556}") = "Identity.Domain", "Identity.Domain\Identity.Domain.csproj", "{BE394A78-2BB6-4FB3-811D-2E07305284E9}"
EndProject
Project("{2150E333-8FDC-42A3-9474-1A3956D46DE8}") = "Infrastructure", "Infrastructure", "{890BEF33-9653-40F9-827C-CA075634F8F7}"
EndProject
Project("{9A19103F-16F7-4668-BE54-9A1E7A4F7556}") = "Identity.Data", "Identity.Data\Identity.Data.csproj", "{A8034BBB-6747-46DD-BA23-29B344C5F364}"
EndProject
Project("{FAE04EC0-301F-11D3-BF4B-00C04F79EFBC}") = "Identity.Application", "Identity.Application\Identity.Application.csproj", "{E0DFB013-57A9-44E0-9118-3612138DB475}"
EndProject
Global
	GlobalSection(SolutionConfigurationPlatforms) = preSolution
		Debug|Any CPU = Debug|Any CPU
		Debug|ARM = Debug|ARM
		Debug|ARM64 = Debug|ARM64
		Debug|x64 = Debug|x64
		Debug|x86 = Debug|x86
		Release|Any CPU = Release|Any CPU
		Release|ARM = Release|ARM
		Release|ARM64 = Release|ARM64
		Release|x64 = Release|x64
		Release|x86 = Release|x86
	EndGlobalSection
	GlobalSection(ProjectConfigurationPlatforms) = postSolution
		{39BD09E2-9620-407F-8A60-7617FC7D3735}.Debug|Any CPU.ActiveCfg = Debug|Any CPU
		{39BD09E2-9620-407F-8A60-7617FC7D3735}.Debug|Any CPU.Build.0 = Debug|Any CPU
		{39BD09E2-9620-407F-8A60-7617FC7D3735}.Debug|ARM.ActiveCfg = Debug|Any CPU
		{39BD09E2-9620-407F-8A60-7617FC7D3735}.Debug|ARM.Build.0 = Debug|Any CPU
		{39BD09E2-9620-407F-8A60-7617FC7D3735}.Debug|ARM64.ActiveCfg = Debug|Any CPU
		{39BD09E2-9620-407F-8A60-7617FC7D3735}.Debug|ARM64.Build.0 = Debug|Any CPU
		{39BD09E2-9620-407F-8A60-7617FC7D3735}.Debug|x64.ActiveCfg = Debug|Any CPU
		{39BD09E2-9620-407F-8A60-7617FC7D3735}.Debug|x64.Build.0 = Debug|Any CPU
		{39BD09E2-9620-407F-8A60-7617FC7D3735}.Debug|x86.ActiveCfg = Debug|Any CPU
		{39BD09E2-9620-407F-8A60-7617FC7D3735}.Debug|x86.Build.0 = Debug|Any CPU
		{39BD09E2-9620-407F-8A60-7617FC7D3735}.Release|Any CPU.ActiveCfg = Release|Any CPU
		{39BD09E2-9620-407F-8A60-7617FC7D3735}.Release|Any CPU.Build.0 = Release|Any CPU
		{39BD09E2-9620-407F-8A60-7617FC7D3735}.Release|ARM.ActiveCfg = Release|Any CPU
		{39BD09E2-9620-407F-8A60-7617FC7D3735}.Release|ARM.Build.0 = Release|Any CPU
		{39BD09E2-9620-407F-8A60-7617FC7D3735}.Release|ARM64.ActiveCfg = Release|Any CPU
		{39BD09E2-9620-407F-8A60-7617FC7D3735}.Release|ARM64.Build.0 = Release|Any CPU
		{39BD09E2-9620-407F-8A60-7617FC7D3735}.Release|x64.ActiveCfg = Release|Any CPU
		{39BD09E2-9620-407F-8A60-7617FC7D3735}.Release|x64.Build.0 = Release|Any CPU
		{39BD09E2-9620-407F-8A60-7617FC7D3735}.Release|x86.ActiveCfg = Release|Any CPU
		{39BD09E2-9620-407F-8A60-7617FC7D3735}.Release|x86.Build.0 = Release|Any CPU
		{BE394A78-2BB6-4FB3-811D-2E07305284E9}.Debug|Any CPU.ActiveCfg = Debug|Any CPU
		{BE394A78-2BB6-4FB3-811D-2E07305284E9}.Debug|Any CPU.Build.0 = Debug|Any CPU
		{BE394A78-2BB6-4FB3-811D-2E07305284E9}.Debug|ARM.ActiveCfg = Debug|Any CPU
		{BE394A78-2BB6-4FB3-811D-2E07305284E9}.Debug|ARM.Build.0 = Debug|Any CPU
		{BE394A78-2BB6-4FB3-811D-2E07305284E9}.Debug|ARM64.ActiveCfg = Debug|Any CPU
		{BE394A78-2BB6-4FB3-811D-2E07305284E9}.Debug|ARM64.Build.0 = Debug|Any CPU
		{BE394A78-2BB6-4FB3-811D-2E07305284E9}.Debug|x64.ActiveCfg = Debug|Any CPU
		{BE394A78-2BB6-4FB3-811D-2E07305284E9}.Debug|x64.Build.0 = Debug|Any CPU
		{BE394A78-2BB6-4FB3-811D-2E07305284E9}.Debug|x86.ActiveCfg = Debug|Any CPU
		{BE394A78-2BB6-4FB3-811D-2E07305284E9}.Debug|x86.Build.0 = Debug|Any CPU
		{BE394A78-2BB6-4FB3-811D-2E07305284E9}.Release|Any CPU.ActiveCfg = Release|Any CPU
		{BE394A78-2BB6-4FB3-811D-2E07305284E9}.Release|Any CPU.Build.0 = Release|Any CPU
		{BE394A78-2BB6-4FB3-811D-2E07305284E9}.Release|ARM.ActiveCfg = Release|Any CPU
		{BE394A78-2BB6-4FB3-811D-2E07305284E9}.Release|ARM.Build.0 = Release|Any CPU
		{BE394A78-2BB6-4FB3-811D-2E07305284E9}.Release|ARM64.ActiveCfg = Release|Any CPU
		{BE394A78-2BB6-4FB3-811D-2E07305284E9}.Release|ARM64.Build.0 = Release|Any CPU
		{BE394A78-2BB6-4FB3-811D-2E07305284E9}.Release|x64.ActiveCfg = Release|Any CPU
		{BE394A78-2BB6-4FB3-811D-2E07305284E9}.Release|x64.Build.0 = Release|Any CPU
		{BE394A78-2BB6-4FB3-811D-2E07305284E9}.Release|x86.ActiveCfg = Release|Any CPU
		{BE394A78-2BB6-4FB3-811D-2E07305284E9}.Release|x86.Build.0 = Release|Any CPU
		{A8034BBB-6747-46DD-BA23-29B344C5F364}.Debug|Any CPU.ActiveCfg = Debug|Any CPU
		{A8034BBB-6747-46DD-BA23-29B344C5F364}.Debug|Any CPU.Build.0 = Debug|Any CPU
		{A8034BBB-6747-46DD-BA23-29B344C5F364}.Debug|ARM.ActiveCfg = Debug|Any CPU
		{A8034BBB-6747-46DD-BA23-29B344C5F364}.Debug|ARM.Build.0 = Debug|Any CPU
		{A8034BBB-6747-46DD-BA23-29B344C5F364}.Debug|ARM64.ActiveCfg = Debug|Any CPU
		{A8034BBB-6747-46DD-BA23-29B344C5F364}.Debug|ARM64.Build.0 = Debug|Any CPU
		{A8034BBB-6747-46DD-BA23-29B344C5F364}.Debug|x64.ActiveCfg = Debug|Any CPU
		{A8034BBB-6747-46DD-BA23-29B344C5F364}.Debug|x64.Build.0 = Debug|Any CPU
		{A8034BBB-6747-46DD-BA23-29B344C5F364}.Debug|x86.ActiveCfg = Debug|Any CPU
		{A8034BBB-6747-46DD-BA23-29B344C5F364}.Debug|x86.Build.0 = Debug|Any CPU
		{A8034BBB-6747-46DD-BA23-29B344C5F364}.Release|Any CPU.ActiveCfg = Release|Any CPU
		{A8034BBB-6747-46DD-BA23-29B344C5F364}.Release|Any CPU.Build.0 = Release|Any CPU
		{A8034BBB-6747-46DD-BA23-29B344C5F364}.Release|ARM.ActiveCfg = Release|Any CPU
		{A8034BBB-6747-46DD-BA23-29B344C5F364}.Release|ARM.Build.0 = Release|Any CPU
		{A8034BBB-6747-46DD-BA23-29B344C5F364}.Release|ARM64.ActiveCfg = Release|Any CPU
		{A8034BBB-6747-46DD-BA23-29B344C5F364}.Release|ARM64.Build.0 = Release|Any CPU
		{A8034BBB-6747-46DD-BA23-29B344C5F364}.Release|x64.ActiveCfg = Release|Any CPU
		{A8034BBB-6747-46DD-BA23-29B344C5F364}.Release|x64.Build.0 = Release|Any CPU
		{A8034BBB-6747-46DD-BA23-29B344C5F364}.Release|x86.ActiveCfg = Release|Any CPU
		{A8034BBB-6747-46DD-BA23-29B344C5F364}.Release|x86.Build.0 = Release|Any CPU
		{E0DFB013-57A9-44E0-9118-3612138DB475}.Debug|Any CPU.ActiveCfg = Debug|Any CPU
		{E0DFB013-57A9-44E0-9118-3612138DB475}.Debug|Any CPU.Build.0 = Debug|Any CPU
		{E0DFB013-57A9-44E0-9118-3612138DB475}.Debug|ARM.ActiveCfg = Debug|Any CPU
		{E0DFB013-57A9-44E0-9118-3612138DB475}.Debug|ARM.Build.0 = Debug|Any CPU
		{E0DFB013-57A9-44E0-9118-3612138DB475}.Debug|ARM64.ActiveCfg = Debug|Any CPU
		{E0DFB013-57A9-44E0-9118-3612138DB475}.Debug|ARM64.Build.0 = Debug|Any CPU
		{E0DFB013-57A9-44E0-9118-3612138DB475}.Debug|x64.ActiveCfg = Debug|Any CPU
		{E0DFB013-57A9-44E0-9118-3612138DB475}.Debug|x64.Build.0 = Debug|Any CPU
		{E0DFB013-57A9-44E0-9118-3612138DB475}.Debug|x86.ActiveCfg = Debug|Any CPU
		{E0DFB013-57A9-44E0-9118-3612138DB475}.Debug|x86.Build.0 = Debug|Any CPU
		{E0DFB013-57A9-44E0-9118-3612138DB475}.Release|Any CPU.ActiveCfg = Release|Any CPU
		{E0DFB013-57A9-44E0-9118-3612138DB475}.Release|Any CPU.Build.0 = Release|Any CPU
		{E0DFB013-57A9-44E0-9118-3612138DB475}.Release|ARM.ActiveCfg = Release|Any CPU
		{E0DFB013-57A9-44E0-9118-3612138DB475}.Release|ARM.Build.0 = Release|Any CPU
		{E0DFB013-57A9-44E0-9118-3612138DB475}.Release|ARM64.ActiveCfg = Release|Any CPU
		{E0DFB013-57A9-44E0-9118-3612138DB475}.Release|ARM64.Build.0 = Release|Any CPU
		{E0DFB013-57A9-44E0-9118-3612138DB475}.Release|x64.ActiveCfg = Release|Any CPU
		{E0DFB013-57A9-44E0-9118-3612138DB475}.Release|x64.Build.0 = Release|Any CPU
		{E0DFB013-57A9-44E0-9118-3612138DB475}.Release|x86.ActiveCfg = Release|Any CPU
		{E0DFB013-57A9-44E0-9118-3612138DB475}.Release|x86.Build.0 = Release|Any CPU
	EndGlobalSection
	GlobalSection(SolutionProperties) = preSolution
		HideSolutionNode = FALSE
	EndGlobalSection
	GlobalSection(NestedProjects) = preSolution
		{39BD09E2-9620-407F-8A60-7617FC7D3735} = {83CE97FE-D74D-4F1F-BF4D-E59D4D5C4E22}
		{BE394A78-2BB6-4FB3-811D-2E07305284E9} = {488C9831-0279-41C8-85A9-3D6507E6C867}
		{A8034BBB-6747-46DD-BA23-29B344C5F364} = {890BEF33-9653-40F9-827C-CA075634F8F7}
		{E0DFB013-57A9-44E0-9118-3612138DB475} = {488C9831-0279-41C8-85A9-3D6507E6C867}
	EndGlobalSection
	GlobalSection(ExtensibilityGlobals) = postSolution
		SolutionGuid = {FBAD8870-264D-45CB-970D-0DB8685094FF}
	EndGlobalSection
EndGlobal
